{
    "hash": "f8e1af581c1ee0d96e1deddfb8843378",
    "packages": [
        {
            "package": "twig\/twig",
            "version": "1.6.0-dev"
        },
        {
            "package": "swiftmailer\/swiftmailer",
            "version": "4.1.6-dev"
        },
        {
            "package": "monolog\/monolog",
            "version": "1.0.2"
        },
        {
            "package": "doctrine\/common",
            "version": "2.2.0-RC5"
        },
        {
            "package": "cordoval\/mockery",
            "version": "master-dev"
        },
        {
            "package": "cordoval\/phpspec",
            "version": "master-dev"
        },
        {
            "package": "symfony\/symfony",
            "version": "2.1.0-dev"
        }
    ]
}